// !$*UTF8*$!
{
	archiveVersion = 1;
	classes = {
	};
	objectVersion = 51;
	objects = {

/* Begin PBXBuildFile section */
		1079700902A687A5B03224C9 /* Pods_Weather.framework in Frameworks */ = {isa = PBXBuildFile; fileRef = CEE49765E2EC7C7351077D8B /* Pods_Weather.framework */; };
		7489030E25D3DA25009DB757 /* AppDelegate.swift in Sources */ = {isa = PBXBuildFile; fileRef = 7489030D25D3DA25009DB757 /* AppDelegate.swift */; };
		7489031025D3DA25009DB757 /* SceneDelegate.swift in Sources */ = {isa = PBXBuildFile; fileRef = 7489030F25D3DA25009DB757 /* SceneDelegate.swift */; };
		7489031225D3DA25009DB757 /* ViewController.swift in Sources */ = {isa = PBXBuildFile; fileRef = 7489031125D3DA25009DB757 /* ViewController.swift */; };
		7489031525D3DA25009DB757 /* Main.storyboard in Resources */ = {isa = PBXBuildFile; fileRef = 7489031325D3DA25009DB757 /* Main.storyboard */; };
		7489031725D3DA27009DB757 /* Assets.xcassets in Resources */ = {isa = PBXBuildFile; fileRef = 7489031625D3DA27009DB757 /* Assets.xcassets */; };
		7489031A25D3DA27009DB757 /* LaunchScreen.storyboard in Resources */ = {isa = PBXBuildFile; fileRef = 7489031825D3DA27009DB757 /* LaunchScreen.storyboard */; };
		7489032225D3E7F9009DB757 /* Constants.swift in Sources */ = {isa = PBXBuildFile; fileRef = 7489032125D3E7F9009DB757 /* Constants.swift */; };
		7489032425D3E81E009DB757 /* Model.swift in Sources */ = {isa = PBXBuildFile; fileRef = 7489032325D3E81E009DB757 /* Model.swift */; };
		749E7F8925E27FE8002C0272 /* MyCollectionViewCell.swift in Sources */ = {isa = PBXBuildFile; fileRef = 749E7F8725E27FE8002C0272 /* MyCollectionViewCell.swift */; };
		749E7F8A25E27FE8002C0272 /* MyCollectionViewCell.xib in Resources */ = {isa = PBXBuildFile; fileRef = 749E7F8825E27FE8002C0272 /* MyCollectionViewCell.xib */; };
		749E7F8F25E289F7002C0272 /* MyTableViewCell.swift in Sources */ = {isa = PBXBuildFile; fileRef = 749E7F8D25E289F7002C0272 /* MyTableViewCell.swift */; };
		749E7F9025E289F7002C0272 /* MyTableViewCell.xib in Resources */ = {isa = PBXBuildFile; fileRef = 749E7F8E25E289F7002C0272 /* MyTableViewCell.xib */; };
/* End PBXBuildFile section */

/* Begin PBXFileReference section */
		7489030A25D3DA25009DB757 /* Weather.app */ = {isa = PBXFileReference; explicitFileType = wrapper.application; includeInIndex = 0; path = Weather.app; sourceTree = BUILT_PRODUCTS_DIR; };
		7489030D25D3DA25009DB757 /* AppDelegate.swift */ = {isa = PBXFileReference; lastKnownFileType = sourcecode.swift; path = AppDelegate.swift; sourceTree = "<group>"; };
		7489030F25D3DA25009DB757 /* SceneDelegate.swift */ = {isa = PBXFileReference; lastKnownFileType = sourcecode.swift; path = SceneDelegate.swift; sourceTree = "<group>"; };
		7489031125D3DA25009DB757 /* ViewController.swift */ = {isa = PBXFileReference; lastKnownFileType = sourcecode.swift; path = ViewController.swift; sourceTree = "<group>"; };
		7489031425D3DA25009DB757 /* Base */ = {isa = PBXFileReference; lastKnownFileType = file.storyboard; name = Base; path = Base.lproj/Main.storyboard; sourceTree = "<group>"; };
		7489031625D3DA27009DB757 /* Assets.xcassets */ = {isa = PBXFileReference; lastKnownFileType = folder.assetcatalog; path = Assets.xcassets; sourceTree = "<group>"; };
		7489031925D3DA27009DB757 /* Base */ = {isa = PBXFileReference; lastKnownFileType = file.storyboard; name = Base; path = Base.lproj/LaunchScreen.storyboard; sourceTree = "<group>"; };
		7489031B25D3DA27009DB757 /* Info.plist */ = {isa = PBXFileReference; lastKnownFileType = text.plist.xml; path = Info.plist; sourceTree = "<group>"; };
		7489032125D3E7F9009DB757 /* Constants.swift */ = {isa = PBXFileReference; lastKnownFileType = sourcecode.swift; path = Constants.swift; sourceTree = "<group>"; };
		7489032325D3E81E009DB757 /* Model.swift */ = {isa = PBXFileReference; lastKnownFileType = sourcecode.swift; path = Model.swift; sourceTree = "<group>"; };
		749E7F8725E27FE8002C0272 /* MyCollectionViewCell.swift */ = {isa = PBXFileReference; lastKnownFileType = sourcecode.swift; path = MyCollectionViewCell.swift; sourceTree = "<group>"; };
		749E7F8825E27FE8002C0272 /* MyCollectionViewCell.xib */ = {isa = PBXFileReference; lastKnownFileType = file.xib; path = MyCollectionViewCell.xib; sourceTree = "<group>"; };
		749E7F8D25E289F7002C0272 /* MyTableViewCell.swift */ = {isa = PBXFileReference; lastKnownFileType = sourcecode.swift; path = MyTableViewCell.swift; sourceTree = "<group>"; };
		749E7F8E25E289F7002C0272 /* MyTableViewCell.xib */ = {isa = PBXFileReference; lastKnownFileType = file.xib; path = MyTableViewCell.xib; sourceTree = "<group>"; };
		A4338BF87FAC45D8E5C8373F /* Pods-Weather.release.xcconfig */ = {isa = PBXFileReference; includeInIndex = 1; lastKnownFileType = text.xcconfig; name = "Pods-Weather.release.xcconfig"; path = "Target Support Files/Pods-Weather/Pods-Weather.release.xcconfig"; sourceTree = "<group>"; };
		CEE49765E2EC7C7351077D8B /* Pods_Weather.framework */ = {isa = PBXFileReference; explicitFileType = wrapper.framework; includeInIndex = 0; path = Pods_Weather.framework; sourceTree = BUILT_PRODUCTS_DIR; };
		E2418CF47F74682A18876A29 /* Pods-Weather.debug.xcconfig */ = {isa = PBXFileReference; includeInIndex = 1; lastKnownFileType = text.xcconfig; name = "Pods-Weather.debug.xcconfig"; path = "Target Support Files/Pods-Weather/Pods-Weather.debug.xcconfig"; sourceTree = "<group>"; };
/* End PBXFileReference section */

/* Begin PBXFrameworksBuildPhase section */
		7489030725D3DA25009DB757 /* Frameworks */ = {
			isa = PBXFrameworksBuildPhase;
			buildActionMask = 2147483647;
			files = (
				1079700902A687A5B03224C9 /* Pods_Weather.framework in Frameworks */,
			);
			runOnlyForDeploymentPostprocessing = 0;
		};
/* End PBXFrameworksBuildPhase section */

/* Begin PBXGroup section */
		4B0C80488EFB790AB951D350 /* Pods */ = {
			isa = PBXGroup;
			children = (
				E2418CF47F74682A18876A29 /* Pods-Weather.debug.xcconfig */,
				A4338BF87FAC45D8E5C8373F /* Pods-Weather.release.xcconfig */,
			);
			path = Pods;
			sourceTree = "<group>";
		};
		7489030125D3DA25009DB757 = {
			isa = PBXGroup;
			children = (
				7489030C25D3DA25009DB757 /* Weather */,
				7489030B25D3DA25009DB757 /* Products */,
				4B0C80488EFB790AB951D350 /* Pods */,
				F3CDB46E791CCF89ADA2E010 /* Frameworks */,
			);
			sourceTree = "<group>";
		};
		7489030B25D3DA25009DB757 /* Products */ = {
			isa = PBXGroup;
			children = (
				7489030A25D3DA25009DB757 /* Weather.app */,
			);
			name = Products;
			sourceTree = "<group>";
		};
		7489030C25D3DA25009DB757 /* Weather */ = {
			isa = PBXGroup;
			children = (
				74B0F96E25D67BFA00A46700 /* Cells */,
				7489030D25D3DA25009DB757 /* AppDelegate.swift */,
				7489030F25D3DA25009DB757 /* SceneDelegate.swift */,
				7489031125D3DA25009DB757 /* ViewController.swift */,
				7489031325D3DA25009DB757 /* Main.storyboard */,
				7489031625D3DA27009DB757 /* Assets.xcassets */,
				7489031825D3DA27009DB757 /* LaunchScreen.storyboard */,
				7489031B25D3DA27009DB757 /* Info.plist */,
				7489032125D3E7F9009DB757 /* Constants.swift */,
				7489032325D3E81E009DB757 /* Model.swift */,
			);
			path = Weather;
			sourceTree = "<group>";
		};
		74B0F96E25D67BFA00A46700 /* Cells */ = {
			isa = PBXGroup;
			children = (
				749E7F8725E27FE8002C0272 /* MyCollectionViewCell.swift */,
				749E7F8825E27FE8002C0272 /* MyCollectionViewCell.xib */,
				749E7F8D25E289F7002C0272 /* MyTableViewCell.swift */,
				749E7F8E25E289F7002C0272 /* MyTableViewCell.xib */,
			);
			path = Cells;
			sourceTree = "<group>";
		};
		F3CDB46E791CCF89ADA2E010 /* Frameworks */ = {
			isa = PBXGroup;
			children = (
				CEE49765E2EC7C7351077D8B /* Pods_Weather.framework */,
			);
			name = Frameworks;
			sourceTree = "<group>";
		};
/* End PBXGroup section */

/* Begin PBXNativeTarget section */
		7489030925D3DA25009DB757 /* Weather */ = {
			isa = PBXNativeTarget;
			buildConfigurationList = 7489031E25D3DA27009DB757 /* Build configuration list for PBXNativeTarget "Weather" */;
			buildPhases = (
				48FDD8020BD17678D245F7F5 /* [CP] Check Pods Manifest.lock */,
				7489030625D3DA25009DB757 /* Sources */,
				7489030725D3DA25009DB757 /* Frameworks */,
				7489030825D3DA25009DB757 /* Resources */,
				8144C972D63CA69496A4E428 /* [CP] Embed Pods Frameworks */,
			);
			buildRules = (
			);
			dependencies = (
			);
			name = Weather;
			productName = Weather;
			productReference = 7489030A25D3DA25009DB757 /* Weather.app */;
			productType = "com.apple.product-type.application";
		};
/* End PBXNativeTarget section */

/* Begin PBXProject section */
		7489030225D3DA25009DB757 /* Project object */ = {
			isa = PBXProject;
			attributes = {
				LastSwiftUpdateCheck = 1130;
				LastUpgradeCheck = 1130;
				ORGANIZATIONNAME = Alisher;
				TargetAttributes = {
					7489030925D3DA25009DB757 = {
						CreatedOnToolsVersion = 11.3.1;
					};
				};
			};
			buildConfigurationList = 7489030525D3DA25009DB757 /* Build configuration list for PBXProject "Weather" */;
			compatibilityVersion = "Xcode 9.3";
			developmentRegion = en;
			hasScannedForEncodings = 0;
			knownRegions = (
				en,
				Base,
			);
			mainGroup = 7489030125D3DA25009DB757;
			productRefGroup = 7489030B25D3DA25009DB757 /* Products */;
			projectDirPath = "";
			projectRoot = "";
			targets = (
				7489030925D3DA25009DB757 /* Weather */,
			);
		};
/* End PBXProject section */

/* Begin PBXResourcesBuildPhase section */
		7489030825D3DA25009DB757 /* Resources */ = {
			isa = PBXResourcesBuildPhase;
			buildActionMask = 2147483647;
			files = (
				7489031A25D3DA27009DB757 /* LaunchScreen.storyboard in Resources */,
				749E7F9025E289F7002C0272 /* MyTableViewCell.xib in Resources */,
				749E7F8A25E27FE8002C0272 /* MyCollectionViewCell.xib in Resources */,
				7489031725D3DA27009DB757 /* Assets.xcassets in Resources */,
				7489031525D3DA25009DB757 /* Main.storyboard in Resources */,
			);
			runOnlyForDeploymentPostprocessing = 0;
		};
/* End PBXResourcesBuildPhase section */

/* Begin PBXShellScriptBuildPhase section */
		48FDD8020BD17678D245F7F5 /* [CP] Check Pods Manifest.lock */ = {
			isa = PBXShellScriptBuildPhase;
			buildActionMask = 2147483647;
			files = (
			);
			inputFileListPaths = (
			);
			inputPaths = (
				"${PODS_PODFILE_DIR_PATH}/Podfile.lock",
				"${PODS_ROOT}/Manifest.lock",
			);
			name = "[CP] Check Pods Manifest.lock";
			outputFileListPaths = (
			);
			outputPaths = (
				"$(DERIVED_FILE_DIR)/Pods-Weather-checkManifestLockResult.txt",
			);
			runOnlyForDeploymentPostprocessing = 0;
			shellPath = /bin/sh;
			shellScript = "diff \"${PODS_PODFILE_DIR_PATH}/Podfile.lock\" \"${PODS_ROOT}/Manifest.lock\" > /dev/null\nif [ $? != 0 ] ; then\n    # print error to STDERR\n    echo \"error: The sandbox is not in sync with the Podfile.lock. Run 'pod install' or update your CocoaPods installation.\" >&2\n    exit 1\nfi\n# This output is used by Xcode 'outputs' to avoid re-running this script phase.\necho \"SUCCESS\" > \"${SCRIPT_OUTPUT_FILE_0}\"\n";
			showEnvVarsInLog = 0;
		};
		8144C972D63CA69496A4E428 /* [CP] Embed Pods Frameworks */ = {
			isa = PBXShellScriptBuildPhase;
			buildActionMask = 2147483647;
			files = (
			);
			inputFileListPaths = (
				"${PODS_ROOT}/Target Support Files/Pods-Weather/Pods-Weather-frameworks-${CONFIGURATION}-input-files.xcfilelist",
			);
			name = "[CP] Embed Pods Frameworks";
			outputFileListPaths = (
				"${PODS_ROOT}/Target Support Files/Pods-Weather/Pods-Weather-frameworks-${CONFIGURATION}-output-files.xcfilelist",
			);
			runOnlyForDeploymentPostprocessing = 0;
			shellPath = /bin/sh;
			shellScript = "\"${PODS_ROOT}/Target Support Files/Pods-Weather/Pods-Weather-frameworks.sh\"\n";
			showEnvVarsInLog = 0;
		};
/* End PBXShellScriptBuildPhase section */

/* Begin PBXSourcesBuildPhase section */
		7489030625D3DA25009DB757 /* Sources */ = {
			isa = PBXSourcesBuildPhase;
			buildActionMask = 2147483647;
			files = (
				7489032425D3E81E009DB757 /* Model.swift in Sources */,
				749E7F8F25E289F7002C0272 /* MyTableViewCell.swift in Sources */,
				7489031225D3DA25009DB757 /* ViewController.swift in Sources */,
				749E7F8925E27FE8002C0272 /* MyCollectionViewCell.swift in Sources */,
				7489030E25D3DA25009DB757 /* AppDelegate.swift in Sources */,
				7489031025D3DA25009DB757 /* SceneDelegate.swift in Sources */,
				7489032225D3E7F9009DB757 /* Constants.swift in Sources */,
			);
			runOnlyForDeploymentPostprocessing = 0;
		};
/* End PBXSourcesBuildPhase section */

/* Begin PBXVariantGroup section */
		7489031325D3DA25009DB757 /* Main.storyboard */ = {
			isa = PBXVariantGroup;
			children = (
				7489031425D3DA25009DB757 /* Base */,
			);
			name = Main.storyboard;
			sourceTree = "<group>";
		};
		7489031825D3DA27009DB757 /* LaunchScreen.storyboard */ = {
			isa = PBXVariantGroup;
			children = (
				7489031925D3DA27009DB757 /* Base */,
			);
			name = LaunchScreen.storyboard;
			sourceTree = "<group>";
		};
/* End PBXVariantGroup section */

/* Begin XCBuildConfiguration section */
		7489031C25D3DA27009DB757 /* Debug */ = {
			isa = XCBuildConfiguration;
			buildSettings = {
				ALWAYS_SEARCH_USER_PATHS = NO;
				CLANG_ANALYZER_NONNULL = YES;
				CLANG_ANALYZER_NUMBER_OBJECT_CONVERSION = YES_AGGRESSIVE;
				CLANG_CXX_LANGUAGE_STANDARD = "gnu++14";
				CLANG_CXX_LIBRARY = "libc++";
				CLANG_ENABLE_MODULES = YES;
				CLANG_ENABLE_OBJC_ARC = YES;
				CLANG_ENABLE_OBJC_WEAK = YES;
				CLANG_WARN_BLOCK_CAPTURE_AUTORELEASING = YES;
				CLANG_WARN_BOOL_CONVERSION = YES;
				CLANG_WARN_COMMA = YES;
				CLANG_WARN_CONSTANT_CONVERSION = YES;
				CLANG_WARN_DEPRECATED_OBJC_IMPLEMENTATIONS = YES;
				CLANG_WARN_DIRECT_OBJC_ISA_USAGE = YES_ERROR;
				CLANG_WARN_DOCUMENTATION_COMMENTS = YES;
				CLANG_WARN_EMPTY_BODY = YES;
				CLANG_WARN_ENUM_CONVERSION = YES;
				CLANG_WARN_INFINITE_RECURSION = YES;
				CLANG_WARN_INT_CONVERSION = YES;
				CLANG_WARN_NON_LITERAL_NULL_CONVERSION = YES;
				CLANG_WARN_OBJC_IMPLICIT_RETAIN_SELF = YES;
				CLANG_WARN_OBJC_LITERAL_CONVERSION = YES;
				CLANG_WARN_OBJC_ROOT_CLASS = YES_ERROR;
				CLANG_WARN_RANGE_LOOP_ANALYSIS = YES;
				CLANG_WARN_STRICT_PROTOTYPES = YES;
				CLANG_WARN_SUSPICIOUS_MOVE = YES;
				CLANG_WARN_UNGUARDED_AVAILABILITY = YES_AGGRESSIVE;
				CLANG_WARN_UNREACHABLE_CODE = YES;
				CLANG_WARN__DUPLICATE_METHOD_MATCH = YES;
				COPY_PHASE_STRIP = NO;
				DEBUG_INFORMATION_FORMAT = dwarf;
				ENABLE_STRICT_OBJC_MSGSEND = YES;
				ENABLE_TESTABILITY = YES;
				GCC_C_LANGUAGE_STANDARD = gnu11;
				GCC_DYNAMIC_NO_PIC = NO;
				GCC_NO_COMMON_BLOCKS = YES;
				GCC_OPTIMIZATION_LEVEL = 0;
				GCC_PREPROCESSOR_DEFINITIONS = (
					"DEBUG=1",
					"$(inherited)",
				);
				GCC_WARN_64_TO_32_BIT_CONVERSION = YES;
				GCC_WARN_ABOUT_RETURN_TYPE = YES_ERROR;
				GCC_WARN_UNDECLARED_SELECTOR = YES;
				GCC_WARN_UNINITIALIZED_AUTOS = YES_AGGRESSIVE;
				GCC_WARN_UNUSED_FUNCTION = YES;
				GCC_WARN_UNUSED_VARIABLE = YES;
				IPHONEOS_DEPLOYMENT_TARGET = 13.2;
				MTL_ENABLE_DEBUG_INFO = INCLUDE_SOURCE;
				MTL_FAST_MATH = YES;
				ONLY_ACTIVE_ARCH = YES;
				SDKROOT = iphoneos;
				SWIFT_ACTIVE_COMPILATION_CONDITIONS = DEBUG;
				SWIFT_OPTIMIZATION_LEVEL = "-Onone";
			};
			name = Debug;
		};
		7489031D25D3DA27009DB757 /* Release */ = {
			isa = XCBuildConfiguration;
			buildSettings = {
				ALWAYS_SEARCH_USER_PATHS = NO;
				CLANG_ANALYZER_NONNULL = YES;
				CLANG_ANALYZER_NUMBER_OBJECT_CONVERSION = YES_AGGRESSIVE;
				CLANG_CXX_LANGUAGE_STANDARD = "gnu++14";
				CLANG_CXX_LIBRARY = "libc++";
				CLANG_ENABLE_MODULES = YES;
				CLANG_ENABLE_OBJC_ARC = YES;
				CLANG_ENABLE_OBJC_WEAK = YES;
				CLANG_WARN_BLOCK_CAPTURE_AUTORELEASING = YES;
				CLANG_WARN_BOOL_CONVERSION = YES;
				CLANG_WARN_COMMA = YES;
				CLANG_WARN_CONSTANT_CONVERSION = YES;
				CLANG_WARN_DEPRECATED_OBJC_IMPLEMENTATIONS = YES;
				CLANG_WARN_DIRECT_OBJC_ISA_USAGE = YES_ERROR;
				CLANG_WARN_DOCUMENTATION_COMMENTS = YES;
				CLANG_WARN_EMPTY_BODY = YES;
				CLANG_WARN_ENUM_CONVERSION = YES;
				CLANG_WARN_INFINITE_RECURSION = YES;
				CLANG_WARN_INT_CONVERSION = YES;
				CLANG_WARN_NON_LITERAL_NULL_CONVERSION = YES;
				CLANG_WARN_OBJC_IMPLICIT_RETAIN_SELF = YES;
				CLANG_WARN_OBJC_LITERAL_CONVERSION = YES;
				CLANG_WARN_OBJC_ROOT_CLASS = YES_ERROR;
				CLANG_WARN_RANGE_LOOP_ANALYSIS = YES;
				CLANG_WARN_STRICT_PROTOTYPES = YES;
				CLANG_WARN_SUSPICIOUS_MOVE = YES;
				CLANG_WARN_UNGUARDED_AVAILABILITY = YES_AGGRESSIVE;
				CLANG_WARN_UNREACHABLE_CODE = YES;
				CLANG_WARN__DUPLICATE_METHOD_MATCH = YES;
				COPY_PHASE_STRIP = NO;
				DEBUG_INFORMATION_FORMAT = "dwarf-with-dsym";
				ENABLE_NS_ASSERTIONS = NO;
				ENABLE_STRICT_OBJC_MSGSEND = YES;
				GCC_C_LANGUAGE_STANDARD = gnu11;
				GCC_NO_COMMON_BLOCKS = YES;
				GCC_WARN_64_TO_32_BIT_CONVERSION = YES;
				GCC_WARN_ABOUT_RETURN_TYPE = YES_ERROR;
				GCC_WARN_UNDECLARED_SELECTOR = YES;
				GCC_WARN_UNINITIALIZED_AUTOS = YES_AGGRESSIVE;
				GCC_WARN_UNUSED_FUNCTION = YES;
				GCC_WARN_UNUSED_VARIABLE = YES;
				IPHONEOS_DEPLOYMENT_TARGET = 13.2;
				MTL_ENABLE_DEBUG_INFO = NO;
				MTL_FAST_MATH = YES;
				SDKROOT = iphoneos;
				SWIFT_COMPILATION_MODE = wholemodule;
				SWIFT_OPTIMIZATION_LEVEL = "-O";
				VALIDATE_PRODUCT = YES;
			};
			name = Release;
		};
		7489031F25D3DA27009DB757 /* Debug */ = {
			isa = XCBuildConfiguration;
			baseConfigurationReference = E2418CF47F74682A18876A29 /* Pods-Weather.debug.xcconfig */;
			buildSettings = {
				ASSETCATALOG_COMPILER_APPICON_NAME = AppIcon;
				CODE_SIGN_STYLE = Automatic;
				INFOPLIST_FILE = Weather/Info.plist;
				LD_RUNPATH_SEARCH_PATHS = (
					"$(inherited)",
					"@executable_path/Frameworks",
				);
				PRODUCT_BUNDLE_IDENTIFIER = T.Weather;
				PRODUCT_NAME = "$(TARGET_NAME)";
				SWIFT_VERSION = 5.0;
				TARGETED_DEVICE_FAMILY = "1,2";
			};
			name = Debug;
		};
		7489032025D3DA27009DB757 /* Release */ = {
			isa = XCBuildConfiguration;
			baseConfigurationReference = A4338BF87FAC45D8E5C8373F /* Pods-Weather.release.xcconfig */;
			buildSettings = {
				ASSETCATALOG_COMPILER_APPICON_NAME = AppIcon;
				CODE_SIGN_STYLE = Automatic;
				INFOPLIST_FILE = Weather/Info.plist;
				LD_RUNPATH_SEARCH_PATHS = (
					"$(inherited)",
					"@executable_path/Frameworks",
				);
				PRODUCT_BUNDLE_IDENTIFIER = T.Weather;
				PRODUCT_NAME = "$(TARGET_NAME)";
				SWIFT_VERSION = 5.0;
				TARGETED_DEVICE_FAMILY = "1,2";
			};
			name = Release;
		};
/* End XCBuildConfiguration section */

/* Begin XCConfigurationList section */
		7489030525D3DA25009DB757 /* Build configuration list for PBXProject "Weather" */ = {
			isa = XCConfigurationList;
			buildConfigurations = (
				7489031C25D3DA27009DB757 /* Debug */,
				7489031D25D3DA27009DB757 /* Release */,
			);
			defaultConfigurationIsVisible = 0;
			defaultConfigurationName = Release;
		};
		7489031E25D3DA27009DB757 /* Build configuration list for PBXNativeTarget "Weather" */ = {
			isa = XCConfigurationList;
			buildConfigurations = (
				7489031F25D3DA27009DB757 /* Debug */,
				7489032025D3DA27009DB757 /* Release */,
			);
			defaultConfigurationIsVisible = 0;
			defaultConfigurationName = Release;
		};
/* End XCConfigurationList section */
	};
	rootObject = 7489030225D3DA25009DB757 /* Project object */;
}
